
Microsoft Visual Studio Solution File, Format Version 12.00
# Visual Studio Version 17
VisualStudioVersion = 17.14.36221.1 d17.14
MinimumVisualStudioVersion = 10.0.40219.1
Project("{FAE04EC0-301F-11D3-BF4B-00C04F79EFBC}") = "AggregatorApi", "AggregatorApi\AggregatorApi.csproj", "{92B80D46-C962-4172-B31A-C87D6E5773DE}"
EndProject
Global
	GlobalSection(SolutionConfigurationPlatforms) = preSolution
		Debug|Any CPU = Debug|Any CPU
		Release|Any CPU = Release|Any CPU
	EndGlobalSection
	GlobalSection(ProjectConfigurationPlatforms) = postSolution
		{92B80D46-C962-4172-B31A-C87D6E5773DE}.Debug|Any CPU.ActiveCfg = Debug|Any CPU
		{92B80D46-C962-4172-B31A-C87D6E5773DE}.Debug|Any CPU.Build.0 = Debug|Any CPU
		{92B80D46-C962-4172-B31A-C87D6E5773DE}.Release|Any CPU.ActiveCfg = Release|Any CPU
		{92B80D46-C962-4172-B31A-C87D6E5773DE}.Release|Any CPU.Build.0 = Release|Any CPU
	EndGlobalSection
	GlobalSection(SolutionProperties) = preSolution
		HideSolutionNode = FALSE
	EndGlobalSection
	GlobalSection(ExtensibilityGlobals) = postSolution
		SolutionGuid = {099DDAE7-F758-4C7A-AD08-2B4C963786B8}
	EndGlobalSection
EndGlobal
